
Microsoft Visual Studio Solution File, Format Version 12.00
# Visual Studio Version 17
VisualStudioVersion = 17.14.36915.13 d17.14
MinimumVisualStudioVersion = 10.0.40219.1
Project("{FAE04EC0-301F-11D3-BF4B-00C04F79EFBC}") = "Panasevich_C#", "Panasevich_C#\Panasevich_C#.csproj", "{D1AFFE2C-D2EB-4077-85D8-90AE8DC00C98}"
EndProject
Global
	GlobalSection(SolutionConfigurationPlatforms) = preSolution
		Debug|Any CPU = Debug|Any CPU
		Release|Any CPU = Release|Any CPU
	EndGlobalSection
	GlobalSection(ProjectConfigurationPlatforms) = postSolution
		{D1AFFE2C-D2EB-4077-85D8-90AE8DC00C98}.Debug|Any CPU.ActiveCfg = Debug|Any CPU
		{D1AFFE2C-D2EB-4077-85D8-90AE8DC00C98}.Debug|Any CPU.Build.0 = Debug|Any CPU
		{D1AFFE2C-D2EB-4077-85D8-90AE8DC00C98}.Release|Any CPU.ActiveCfg = Release|Any CPU
		{D1AFFE2C-D2EB-4077-85D8-90AE8DC00C98}.Release|Any CPU.Build.0 = Release|Any CPU
	EndGlobalSection
	GlobalSection(SolutionProperties) = preSolution
		HideSolutionNode = FALSE
	EndGlobalSection
	GlobalSection(ExtensibilityGlobals) = postSolution
		SolutionGuid = {7F37C4EC-8AAD-4714-AECF-962228014E6C}
	EndGlobalSection
EndGlobal
